
Microsoft Visual Studio Solution File, Format Version 12.00
# Visual Studio Version 17
VisualStudioVersion = 17.7.34221.43
MinimumVisualStudioVersion = 10.0.40219.1
Project("{FAE04EC0-301F-11D3-BF4B-00C04F79EFBC}") = "server_rn", "server_rn\server_rn.csproj", "{700519FB-9EF9-4EB8-9E64-D6D7C601DB2E}"
EndProject
Global
	GlobalSection(SolutionConfigurationPlatforms) = preSolution
		Debug|Any CPU = Debug|Any CPU
		Release|Any CPU = Release|Any CPU
	EndGlobalSection
	GlobalSection(ProjectConfigurationPlatforms) = postSolution
		{700519FB-9EF9-4EB8-9E64-D6D7C601DB2E}.Debug|Any CPU.ActiveCfg = Debug|Any CPU
		{700519FB-9EF9-4EB8-9E64-D6D7C601DB2E}.Debug|Any CPU.Build.0 = Debug|Any CPU
		{700519FB-9EF9-4EB8-9E64-D6D7C601DB2E}.Release|Any CPU.ActiveCfg = Release|Any CPU
		{700519FB-9EF9-4EB8-9E64-D6D7C601DB2E}.Release|Any CPU.Build.0 = Release|Any CPU
	EndGlobalSection
	GlobalSection(SolutionProperties) = preSolution
		HideSolutionNode = FALSE
	EndGlobalSection
	GlobalSection(ExtensibilityGlobals) = postSolution
		SolutionGuid = {5601E60F-035A-451F-A91D-13DC2797A022}
	EndGlobalSection
EndGlobal
